
Microsoft Visual Studio Solution File, Format Version 12.00
# Visual Studio Version 16
VisualStudioVersion = 16.0.30320.27
MinimumVisualStudioVersion = 10.0.40219.1
Project("{FAE04EC0-301F-11D3-BF4B-00C04F79EFBC}") = "Reverse String", "Reverse String\Reverse String.csproj", "{7C333E2B-E438-4E6E-90B7-890CE0986A3E}"
EndProject
Global
	GlobalSection(SolutionConfigurationPlatforms) = preSolution
		Debug|Any CPU = Debug|Any CPU
		Release|Any CPU = Release|Any CPU
	EndGlobalSection
	GlobalSection(ProjectConfigurationPlatforms) = postSolution
		{7C333E2B-E438-4E6E-90B7-890CE0986A3E}.Debug|Any CPU.ActiveCfg = Debug|Any CPU
		{7C333E2B-E438-4E6E-90B7-890CE0986A3E}.Debug|Any CPU.Build.0 = Debug|Any CPU
		{7C333E2B-E438-4E6E-90B7-890CE0986A3E}.Release|Any CPU.ActiveCfg = Release|Any CPU
		{7C333E2B-E438-4E6E-90B7-890CE0986A3E}.Release|Any CPU.Build.0 = Release|Any CPU
	EndGlobalSection
	GlobalSection(SolutionProperties) = preSolution
		HideSolutionNode = FALSE
	EndGlobalSection
	GlobalSection(ExtensibilityGlobals) = postSolution
		SolutionGuid = {F9EFC8D1-E09C-43C6-B78C-2D968C240E6C}
	EndGlobalSection
EndGlobal
