
Microsoft Visual Studio Solution File, Format Version 12.00
# Visual Studio Version 16
VisualStudioVersion = 16.0.30320.27
MinimumVisualStudioVersion = 10.0.40219.1
Project("{9A19103F-16F7-4668-BE54-9A1E7A4F7556}") = "Reverse String", "Reverse String\Reverse String.csproj", "{7C333E2B-E438-4E6E-90B7-890CE0986A3E}"
EndProject
Project("{9A19103F-16F7-4668-BE54-9A1E7A4F7556}") = "Stack Sum", "Stack Sum\Stack Sum.csproj", "{12E281B0-B197-4365-892C-7D5DECE2B656}"
EndProject
Project("{9A19103F-16F7-4668-BE54-9A1E7A4F7556}") = "Simple Calculator", "Simple Calculator\Simple Calculator.csproj", "{6AB8347C-C093-4C90-BC8E-333EABA405B5}"
EndProject
Project("{9A19103F-16F7-4668-BE54-9A1E7A4F7556}") = "Matching Brackets", "Matching Brackets\Matching Brackets.csproj", "{8F4876C3-040E-4F31-BAAB-21E58FDAC71E}"
EndProject
Project("{9A19103F-16F7-4668-BE54-9A1E7A4F7556}") = "Print Even Numbers", "Print Even Numbers\Print Even Numbers.csproj", "{AAA337D3-36D7-4511-B427-56ED1B48A457}"
EndProject
Project("{9A19103F-16F7-4668-BE54-9A1E7A4F7556}") = "Supermarket", "Supermarket\Supermarket.csproj", "{8DBF8B11-7066-4B1A-872A-91E0BCCA7E07}"
EndProject
Project("{9A19103F-16F7-4668-BE54-9A1E7A4F7556}") = "Traffic Jam", "Traffic Jam\Traffic Jam.csproj", "{07753F04-A7E3-4ACB-95E8-D445C1432F1A}"
EndProject
Project("{9A19103F-16F7-4668-BE54-9A1E7A4F7556}") = "Basic Stack Operations", "Basic Stack Operations\Basic Stack Operations.csproj", "{01167568-D242-486B-AAFF-01060D3819C4}"
EndProject
Project("{9A19103F-16F7-4668-BE54-9A1E7A4F7556}") = "Basic Queue Operations", "Basic Queue Operations\Basic Queue Operations.csproj", "{234FFF69-B300-4D41-B529-ACE64F74A6B8}"
EndProject
Project("{9A19103F-16F7-4668-BE54-9A1E7A4F7556}") = "Maximum and minimum element", "Maximum and minimum element\Maximum and minimum element.csproj", "{A9563501-119E-4A11-827C-B8C41CD0AD36}"
EndProject
Project("{9A19103F-16F7-4668-BE54-9A1E7A4F7556}") = "Fast Food", "Fast Food\Fast Food.csproj", "{593DC16F-17BF-4F2E-813B-FEA9251235D9}"
EndProject
Project("{9A19103F-16F7-4668-BE54-9A1E7A4F7556}") = "Fashion Boutique", "Fashion Boutique\Fashion Boutique.csproj", "{AED3C17E-7A85-461B-8074-7D0ABEE09BC5}"
EndProject
Project("{9A19103F-16F7-4668-BE54-9A1E7A4F7556}") = "Songs Queue", "Songs Queue\Songs Queue.csproj", "{0E24CC2A-DF47-4F3F-8AEF-CE1EDBD125B3}"
EndProject
Project("{9A19103F-16F7-4668-BE54-9A1E7A4F7556}") = "Balanced Parentheses", "Balanced Parentheses\Balanced Parentheses.csproj", "{93AF95FB-094A-4A1D-9E83-258CC5EA56B8}"
EndProject
Project("{9A19103F-16F7-4668-BE54-9A1E7A4F7556}") = "Simple Text Editor", "Simple Text Editor\Simple Text Editor.csproj", "{E51B9434-8E48-496B-AF1D-3C4AF73ADD74}"
EndProject
Project("{9A19103F-16F7-4668-BE54-9A1E7A4F7556}") = "Truck Tour", "Truck Tour\Truck Tour.csproj", "{30E8E8C4-694F-4836-846C-76F91AC811E3}"
EndProject
Project("{9A19103F-16F7-4668-BE54-9A1E7A4F7556}") = "Flower Wreaths ExamPrep", "Flower Wreaths\Flower Wreaths ExamPrep.csproj", "{D281CD3D-0A7C-4C8B-B1E4-5EDB3265DC11}"
EndProject
Project("{9A19103F-16F7-4668-BE54-9A1E7A4F7556}") = "Bombs-ExamPrep", "Bombs-ExamPrep\Bombs-ExamPrep.csproj", "{A1F20C05-843E-4B56-8FA1-7C3FAB00224C}"
EndProject
Project("{9A19103F-16F7-4668-BE54-9A1E7A4F7556}") = "LootBox-ExamPrep", "LootBox-ExamPrep\LootBox-ExamPrep.csproj", "{F0D7F6F7-A056-4762-B7C0-52DC2636BBC4}"
EndProject
Project("{9A19103F-16F7-4668-BE54-9A1E7A4F7556}") = "Santa'sPresentFactory-ExamPrep", "Santa'sPresentFactory-ExamPrep\Santa'sPresentFactory-ExamPrep.csproj", "{82DB1511-7563-417F-A3B5-1D9D5D941D3F}"
EndProject
Project("{FAE04EC0-301F-11D3-BF4B-00C04F79EFBC}") = "Dating App-ExamPrep", "Dating App-ExamPrep\Dating App-ExamPrep.csproj", "{0AA64894-720E-4D0A-98E4-90900E9F6A07}"
EndProject
Global
	GlobalSection(SolutionConfigurationPlatforms) = preSolution
		Debug|Any CPU = Debug|Any CPU
		Release|Any CPU = Release|Any CPU
	EndGlobalSection
	GlobalSection(ProjectConfigurationPlatforms) = postSolution
		{7C333E2B-E438-4E6E-90B7-890CE0986A3E}.Debug|Any CPU.ActiveCfg = Debug|Any CPU
		{7C333E2B-E438-4E6E-90B7-890CE0986A3E}.Debug|Any CPU.Build.0 = Debug|Any CPU
		{7C333E2B-E438-4E6E-90B7-890CE0986A3E}.Release|Any CPU.ActiveCfg = Release|Any CPU
		{7C333E2B-E438-4E6E-90B7-890CE0986A3E}.Release|Any CPU.Build.0 = Release|Any CPU
		{12E281B0-B197-4365-892C-7D5DECE2B656}.Debug|Any CPU.ActiveCfg = Debug|Any CPU
		{12E281B0-B197-4365-892C-7D5DECE2B656}.Debug|Any CPU.Build.0 = Debug|Any CPU
		{12E281B0-B197-4365-892C-7D5DECE2B656}.Release|Any CPU.ActiveCfg = Release|Any CPU
		{12E281B0-B197-4365-892C-7D5DECE2B656}.Release|Any CPU.Build.0 = Release|Any CPU
		{6AB8347C-C093-4C90-BC8E-333EABA405B5}.Debug|Any CPU.ActiveCfg = Debug|Any CPU
		{6AB8347C-C093-4C90-BC8E-333EABA405B5}.Debug|Any CPU.Build.0 = Debug|Any CPU
		{6AB8347C-C093-4C90-BC8E-333EABA405B5}.Release|Any CPU.ActiveCfg = Release|Any CPU
		{6AB8347C-C093-4C90-BC8E-333EABA405B5}.Release|Any CPU.Build.0 = Release|Any CPU
		{8F4876C3-040E-4F31-BAAB-21E58FDAC71E}.Debug|Any CPU.ActiveCfg = Debug|Any CPU
		{8F4876C3-040E-4F31-BAAB-21E58FDAC71E}.Debug|Any CPU.Build.0 = Debug|Any CPU
		{8F4876C3-040E-4F31-BAAB-21E58FDAC71E}.Release|Any CPU.ActiveCfg = Release|Any CPU
		{8F4876C3-040E-4F31-BAAB-21E58FDAC71E}.Release|Any CPU.Build.0 = Release|Any CPU
		{AAA337D3-36D7-4511-B427-56ED1B48A457}.Debug|Any CPU.ActiveCfg = Debug|Any CPU
		{AAA337D3-36D7-4511-B427-56ED1B48A457}.Debug|Any CPU.Build.0 = Debug|Any CPU
		{AAA337D3-36D7-4511-B427-56ED1B48A457}.Release|Any CPU.ActiveCfg = Release|Any CPU
		{AAA337D3-36D7-4511-B427-56ED1B48A457}.Release|Any CPU.Build.0 = Release|Any CPU
		{8DBF8B11-7066-4B1A-872A-91E0BCCA7E07}.Debug|Any CPU.ActiveCfg = Debug|Any CPU
		{8DBF8B11-7066-4B1A-872A-91E0BCCA7E07}.Debug|Any CPU.Build.0 = Debug|Any CPU
		{8DBF8B11-7066-4B1A-872A-91E0BCCA7E07}.Release|Any CPU.ActiveCfg = Release|Any CPU
		{8DBF8B11-7066-4B1A-872A-91E0BCCA7E07}.Release|Any CPU.Build.0 = Release|Any CPU
		{07753F04-A7E3-4ACB-95E8-D445C1432F1A}.Debug|Any CPU.ActiveCfg = Debug|Any CPU
		{07753F04-A7E3-4ACB-95E8-D445C1432F1A}.Debug|Any CPU.Build.0 = Debug|Any CPU
		{07753F04-A7E3-4ACB-95E8-D445C1432F1A}.Release|Any CPU.ActiveCfg = Release|Any CPU
		{07753F04-A7E3-4ACB-95E8-D445C1432F1A}.Release|Any CPU.Build.0 = Release|Any CPU
		{01167568-D242-486B-AAFF-01060D3819C4}.Debug|Any CPU.ActiveCfg = Debug|Any CPU
		{01167568-D242-486B-AAFF-01060D3819C4}.Debug|Any CPU.Build.0 = Debug|Any CPU
		{01167568-D242-486B-AAFF-01060D3819C4}.Release|Any CPU.ActiveCfg = Release|Any CPU
		{01167568-D242-486B-AAFF-01060D3819C4}.Release|Any CPU.Build.0 = Release|Any CPU
		{234FFF69-B300-4D41-B529-ACE64F74A6B8}.Debug|Any CPU.ActiveCfg = Debug|Any CPU
		{234FFF69-B300-4D41-B529-ACE64F74A6B8}.Debug|Any CPU.Build.0 = Debug|Any CPU
		{234FFF69-B300-4D41-B529-ACE64F74A6B8}.Release|Any CPU.ActiveCfg = Release|Any CPU
		{234FFF69-B300-4D41-B529-ACE64F74A6B8}.Release|Any CPU.Build.0 = Release|Any CPU
		{A9563501-119E-4A11-827C-B8C41CD0AD36}.Debug|Any CPU.ActiveCfg = Debug|Any CPU
		{A9563501-119E-4A11-827C-B8C41CD0AD36}.Debug|Any CPU.Build.0 = Debug|Any CPU
		{A9563501-119E-4A11-827C-B8C41CD0AD36}.Release|Any CPU.ActiveCfg = Release|Any CPU
		{A9563501-119E-4A11-827C-B8C41CD0AD36}.Release|Any CPU.Build.0 = Release|Any CPU
		{593DC16F-17BF-4F2E-813B-FEA9251235D9}.Debug|Any CPU.ActiveCfg = Debug|Any CPU
		{593DC16F-17BF-4F2E-813B-FEA9251235D9}.Debug|Any CPU.Build.0 = Debug|Any CPU
		{593DC16F-17BF-4F2E-813B-FEA9251235D9}.Release|Any CPU.ActiveCfg = Release|Any CPU
		{593DC16F-17BF-4F2E-813B-FEA9251235D9}.Release|Any CPU.Build.0 = Release|Any CPU
		{AED3C17E-7A85-461B-8074-7D0ABEE09BC5}.Debug|Any CPU.ActiveCfg = Debug|Any CPU
		{AED3C17E-7A85-461B-8074-7D0ABEE09BC5}.Debug|Any CPU.Build.0 = Debug|Any CPU
		{AED3C17E-7A85-461B-8074-7D0ABEE09BC5}.Release|Any CPU.ActiveCfg = Release|Any CPU
		{AED3C17E-7A85-461B-8074-7D0ABEE09BC5}.Release|Any CPU.Build.0 = Release|Any CPU
		{0E24CC2A-DF47-4F3F-8AEF-CE1EDBD125B3}.Debug|Any CPU.ActiveCfg = Debug|Any CPU
		{0E24CC2A-DF47-4F3F-8AEF-CE1EDBD125B3}.Debug|Any CPU.Build.0 = Debug|Any CPU
		{0E24CC2A-DF47-4F3F-8AEF-CE1EDBD125B3}.Release|Any CPU.ActiveCfg = Release|Any CPU
		{0E24CC2A-DF47-4F3F-8AEF-CE1EDBD125B3}.Release|Any CPU.Build.0 = Release|Any CPU
		{93AF95FB-094A-4A1D-9E83-258CC5EA56B8}.Debug|Any CPU.ActiveCfg = Debug|Any CPU
		{93AF95FB-094A-4A1D-9E83-258CC5EA56B8}.Debug|Any CPU.Build.0 = Debug|Any CPU
		{93AF95FB-094A-4A1D-9E83-258CC5EA56B8}.Release|Any CPU.ActiveCfg = Release|Any CPU
		{93AF95FB-094A-4A1D-9E83-258CC5EA56B8}.Release|Any CPU.Build.0 = Release|Any CPU
		{E51B9434-8E48-496B-AF1D-3C4AF73ADD74}.Debug|Any CPU.ActiveCfg = Debug|Any CPU
		{E51B9434-8E48-496B-AF1D-3C4AF73ADD74}.Debug|Any CPU.Build.0 = Debug|Any CPU
		{E51B9434-8E48-496B-AF1D-3C4AF73ADD74}.Release|Any CPU.ActiveCfg = Release|Any CPU
		{E51B9434-8E48-496B-AF1D-3C4AF73ADD74}.Release|Any CPU.Build.0 = Release|Any CPU
		{30E8E8C4-694F-4836-846C-76F91AC811E3}.Debug|Any CPU.ActiveCfg = Debug|Any CPU
		{30E8E8C4-694F-4836-846C-76F91AC811E3}.Debug|Any CPU.Build.0 = Debug|Any CPU
		{30E8E8C4-694F-4836-846C-76F91AC811E3}.Release|Any CPU.ActiveCfg = Release|Any CPU
		{30E8E8C4-694F-4836-846C-76F91AC811E3}.Release|Any CPU.Build.0 = Release|Any CPU
		{D281CD3D-0A7C-4C8B-B1E4-5EDB3265DC11}.Debug|Any CPU.ActiveCfg = Debug|Any CPU
		{D281CD3D-0A7C-4C8B-B1E4-5EDB3265DC11}.Debug|Any CPU.Build.0 = Debug|Any CPU
		{D281CD3D-0A7C-4C8B-B1E4-5EDB3265DC11}.Release|Any CPU.ActiveCfg = Release|Any CPU
		{D281CD3D-0A7C-4C8B-B1E4-5EDB3265DC11}.Release|Any CPU.Build.0 = Release|Any CPU
		{A1F20C05-843E-4B56-8FA1-7C3FAB00224C}.Debug|Any CPU.ActiveCfg = Debug|Any CPU
		{A1F20C05-843E-4B56-8FA1-7C3FAB00224C}.Debug|Any CPU.Build.0 = Debug|Any CPU
		{A1F20C05-843E-4B56-8FA1-7C3FAB00224C}.Release|Any CPU.ActiveCfg = Release|Any CPU
		{A1F20C05-843E-4B56-8FA1-7C3FAB00224C}.Release|Any CPU.Build.0 = Release|Any CPU
		{F0D7F6F7-A056-4762-B7C0-52DC2636BBC4}.Debug|Any CPU.ActiveCfg = Debug|Any CPU
		{F0D7F6F7-A056-4762-B7C0-52DC2636BBC4}.Debug|Any CPU.Build.0 = Debug|Any CPU
		{F0D7F6F7-A056-4762-B7C0-52DC2636BBC4}.Release|Any CPU.ActiveCfg = Release|Any CPU
		{F0D7F6F7-A056-4762-B7C0-52DC2636BBC4}.Release|Any CPU.Build.0 = Release|Any CPU
		{82DB1511-7563-417F-A3B5-1D9D5D941D3F}.Debug|Any CPU.ActiveCfg = Debug|Any CPU
		{82DB1511-7563-417F-A3B5-1D9D5D941D3F}.Debug|Any CPU.Build.0 = Debug|Any CPU
		{82DB1511-7563-417F-A3B5-1D9D5D941D3F}.Release|Any CPU.ActiveCfg = Release|Any CPU
		{82DB1511-7563-417F-A3B5-1D9D5D941D3F}.Release|Any CPU.Build.0 = Release|Any CPU
		{0AA64894-720E-4D0A-98E4-90900E9F6A07}.Debug|Any CPU.ActiveCfg = Debug|Any CPU
		{0AA64894-720E-4D0A-98E4-90900E9F6A07}.Debug|Any CPU.Build.0 = Debug|Any CPU
		{0AA64894-720E-4D0A-98E4-90900E9F6A07}.Release|Any CPU.ActiveCfg = Release|Any CPU
		{0AA64894-720E-4D0A-98E4-90900E9F6A07}.Release|Any CPU.Build.0 = Release|Any CPU
	EndGlobalSection
	GlobalSection(SolutionProperties) = preSolution
		HideSolutionNode = FALSE
	EndGlobalSection
	GlobalSection(ExtensibilityGlobals) = postSolution
		SolutionGuid = {F9EFC8D1-E09C-43C6-B78C-2D968C240E6C}
	EndGlobalSection
EndGlobal
